
Microsoft Visual Studio Solution File, Format Version 12.00
# Visual Studio Version 17
VisualStudioVersion = 17.7.34031.279
MinimumVisualStudioVersion = 10.0.40219.1
Project("{FAE04EC0-301F-11D3-BF4B-00C04F79EFBC}") = "recuperacion_", "recuperacion_.csproj", "{B3C5D151-85C1-439D-B8BC-BFC1FC59538E}"
EndProject
Global
	GlobalSection(SolutionConfigurationPlatforms) = preSolution
		Debug|Any CPU = Debug|Any CPU
		Release|Any CPU = Release|Any CPU
	EndGlobalSection
	GlobalSection(ProjectConfigurationPlatforms) = postSolution
		{B3C5D151-85C1-439D-B8BC-BFC1FC59538E}.Debug|Any CPU.ActiveCfg = Debug|Any CPU
		{B3C5D151-85C1-439D-B8BC-BFC1FC59538E}.Debug|Any CPU.Build.0 = Debug|Any CPU
		{B3C5D151-85C1-439D-B8BC-BFC1FC59538E}.Release|Any CPU.ActiveCfg = Release|Any CPU
		{B3C5D151-85C1-439D-B8BC-BFC1FC59538E}.Release|Any CPU.Build.0 = Release|Any CPU
	EndGlobalSection
	GlobalSection(SolutionProperties) = preSolution
		HideSolutionNode = FALSE
	EndGlobalSection
	GlobalSection(ExtensibilityGlobals) = postSolution
		SolutionGuid = {E018E2FB-F084-4F89-8030-3AF7340AB42B}
	EndGlobalSection
EndGlobal
